
Microsoft Visual Studio Solution File, Format Version 12.00
# Visual Studio Version 17
VisualStudioVersion = 17.9.34723.18
MinimumVisualStudioVersion = 10.0.40219.1
Project("{2150E333-8FDC-42A3-9474-1A3956D46DE8}") = "HomeWork - 1", "HomeWork - 1", "{1AC21175-4630-4B0A-A816-6F103D399EB7}"
EndProject
Project("{2150E333-8FDC-42A3-9474-1A3956D46DE8}") = "HomeWork - 2", "HomeWork - 2", "{81546C6F-F3A0-4292-A57A-65784F632A7B}"
EndProject
Project("{2150E333-8FDC-42A3-9474-1A3956D46DE8}") = "Solution Items", "Solution Items", "{3F4DF390-EFCC-4200-9ED8-DAB03A50C00F}"
EndProject
Project("{2150E333-8FDC-42A3-9474-1A3956D46DE8}") = "HomeWork - 3", "HomeWork - 3", "{1531DAA8-23CE-4E51-9FB6-845CB60952CA}"
EndProject
Project("{9A19103F-16F7-4668-BE54-9A1E7A4F7556}") = "2.2 Time in seconds", "Lesson 2\2.2 Time in seconds\2.2 Time in seconds.csproj", "{8C6FBED5-DF17-4A1E-A63A-03F968DABEC1}"
EndProject
Project("{9A19103F-16F7-4668-BE54-9A1E7A4F7556}") = "1.1 MyName", "Lesson 1\1.1 MyName\1.1 MyName.csproj", "{0F952436-217B-4CDD-A088-B198A932E855}"
EndProject
Project("{9A19103F-16F7-4668-BE54-9A1E7A4F7556}") = "2.1 Discount Amount", "Lesson 2\2.1 Discount Amount\2.1 Discount Amount.csproj", "{40F21864-275E-43C9-92FB-3C44AD09B2DA}"
EndProject
Project("{FAE04EC0-301F-11D3-BF4B-00C04F79EFBC}") = "2.3 Book Information", "Lesson 2\2.3 Book Information\2.3 Book Information.csproj", "{7C423042-A2F5-417D-8660-DE27084EB81A}"
EndProject
Project("{FAE04EC0-301F-11D3-BF4B-00C04F79EFBC}") = "3.1 From right to left digits", "Lesson 3\3.1 From right to left digits\3.1 From right to left digits.csproj", "{12F8AAEE-1E74-49BA-94B0-3C03A3737280}"
EndProject
Project("{FAE04EC0-301F-11D3-BF4B-00C04F79EFBC}") = "3.2 Calculates the square of any given number", "Lesson 3\3.2 Calculates the square of any given number\3.2 Calculates the square of any given number.csproj", "{03B79A86-FE40-4CC5-83E3-1DA884206558}"
EndProject
Project("{FAE04EC0-301F-11D3-BF4B-00C04F79EFBC}") = "3.3  Number obtained by permuting the first and second digits", "Lesson 3\3.3  Number obtained by permuting the first and second digits\3.3  Number obtained by permuting the first and second digits.csproj", "{6796CE08-001D-43B1-8E0B-B480D748DE1B}"
EndProject
Project("{FAE04EC0-301F-11D3-BF4B-00C04F79EFBC}") = "3.4 Arithmetic average of two numbers", "Lesson 3\3.4 Arithmetic average of two numbers\3.4 Arithmetic average of two numbers.csproj", "{C02126FD-534C-44AC-AD2E-387150102A49}"
EndProject
Project("{FAE04EC0-301F-11D3-BF4B-00C04F79EFBC}") = "3.5 Сircle area", "Lesson 3\3.5 Сircle area\3.5 Сircle area.csproj", "{E2444DC4-0CB8-4AEE-8A72-EE9553938404}"
EndProject
Project("{FAE04EC0-301F-11D3-BF4B-00C04F79EFBC}") = "3.6 Ways to swap the values of two variables", "Lesson 3\3.6 Ways to swap the values of two variables\3.6 Ways to swap the values of two variables.csproj", "{CEF9DA71-C41A-4B4C-A104-25221155B44E}"
EndProject
Project("{FAE04EC0-301F-11D3-BF4B-00C04F79EFBC}") = "4.1 Comparing two numbers", "Lesson 4\4.1 Comparing two numbers\4.1 Comparing two numbers.csproj", "{18CC3604-2132-4074-AB99-2DFD56DE3622}"
EndProject
Project("{FAE04EC0-301F-11D3-BF4B-00C04F79EFBC}") = "4.2 Month", "Lesson 4\4.2 Month\4.2 Month.csproj", "{A3C6908B-4F21-4A16-A400-C123750B2AE3}"
EndProject
Project("{FAE04EC0-301F-11D3-BF4B-00C04F79EFBC}") = "4.3 Fizz-Buzz", "Lesson 4\4.3 Fizz-Buzz\4.3 Fizz-Buzz.csproj", "{770C7B5D-A75F-425F-8AA2-CBA4ABA4F62D}"
EndProject
Project("{FAE04EC0-301F-11D3-BF4B-00C04F79EFBC}") = "4.4 Quadratic equation.", "Lesson 4\4.4 Quadratic equation\4.4 Quadratic equation..csproj", "{AF134C0D-6C0B-4E0D-B844-10FE0F104A82}"
EndProject
Project("{FAE04EC0-301F-11D3-BF4B-00C04F79EFBC}") = "5.1 Correct Password", "Lesson 5\5.1 Correct Password\5.1 Correct Password.csproj", "{C4DBC915-073F-4809-8747-D71CF2383AF4}"
EndProject
Project("{FAE04EC0-301F-11D3-BF4B-00C04F79EFBC}") = "5.2 Guess  the number", "Lesson 5\5.2 Guess  the number\5.2 Guess  the number.csproj", "{E4E33AC3-8464-4916-9727-FBA28A916892}"
EndProject
Project("{FAE04EC0-301F-11D3-BF4B-00C04F79EFBC}") = "5.3 Multiplication table", "Lesson 5\5.3 Multiplication table\5.3 Multiplication table.csproj", "{4D217A37-33E9-4851-A0DE-B43CF53BB724}"
EndProject
Project("{FAE04EC0-301F-11D3-BF4B-00C04F79EFBC}") = "Array of 10 elements", "Array of 10 elements\Array of 10 elements.csproj", "{73431CA1-AA29-4BFE-80B0-A5D0789A2FDD}"
EndProject
Project("{FAE04EC0-301F-11D3-BF4B-00C04F79EFBC}") = "6.1 Array of 10 elements", "Lesson 6\6.1 Array of 10 elements\6.1 Array of 10 elements.csproj", "{1154F9C8-746B-42A6-BAF4-E154A8D72692}"
EndProject
Project("{FAE04EC0-301F-11D3-BF4B-00C04F79EFBC}") = "6.2 Reverse Array", "Lesson 6\6.2 Reverse Array\6.2 Reverse Array.csproj", "{6478B8BF-2DA7-4721-9F45-7FB73DA5A617}"
EndProject
Project("{FAE04EC0-301F-11D3-BF4B-00C04F79EFBC}") = "6.3 Insert Element At Beginning", "Lesson 6\6.3 Insert Element At Beginning\6.3 Insert Element At Beginning.csproj", "{DC5D7032-1815-4174-8799-9F48D16CD5B2}"
EndProject
Project("{FAE04EC0-301F-11D3-BF4B-00C04F79EFBC}") = "6.4 PrintUntilElementIsFound", "Lesson 6\6.4 PrintUntilElementIsFound\6.4 PrintUntilElementIsFound.csproj", "{5E922AED-7164-4EBB-94CE-5CEF90598E3B}"
EndProject
Project("{FAE04EC0-301F-11D3-BF4B-00C04F79EFBC}") = "7.1 StudentGrades", "Lesson 7\7.1 StudentGrades\7.1 StudentGrades.csproj", "{0B0094DD-5FCD-4FBA-8AA9-E7D7835CABDE}"
EndProject
Global
	GlobalSection(SolutionConfigurationPlatforms) = preSolution
		Debug|Any CPU = Debug|Any CPU
		Release|Any CPU = Release|Any CPU
	EndGlobalSection
	GlobalSection(ProjectConfigurationPlatforms) = postSolution
		{8C6FBED5-DF17-4A1E-A63A-03F968DABEC1}.Debug|Any CPU.ActiveCfg = Debug|Any CPU
		{8C6FBED5-DF17-4A1E-A63A-03F968DABEC1}.Debug|Any CPU.Build.0 = Debug|Any CPU
		{8C6FBED5-DF17-4A1E-A63A-03F968DABEC1}.Release|Any CPU.ActiveCfg = Release|Any CPU
		{8C6FBED5-DF17-4A1E-A63A-03F968DABEC1}.Release|Any CPU.Build.0 = Release|Any CPU
		{0F952436-217B-4CDD-A088-B198A932E855}.Debug|Any CPU.ActiveCfg = Debug|Any CPU
		{0F952436-217B-4CDD-A088-B198A932E855}.Debug|Any CPU.Build.0 = Debug|Any CPU
		{0F952436-217B-4CDD-A088-B198A932E855}.Release|Any CPU.ActiveCfg = Release|Any CPU
		{0F952436-217B-4CDD-A088-B198A932E855}.Release|Any CPU.Build.0 = Release|Any CPU
		{40F21864-275E-43C9-92FB-3C44AD09B2DA}.Debug|Any CPU.ActiveCfg = Debug|Any CPU
		{40F21864-275E-43C9-92FB-3C44AD09B2DA}.Debug|Any CPU.Build.0 = Debug|Any CPU
		{40F21864-275E-43C9-92FB-3C44AD09B2DA}.Release|Any CPU.ActiveCfg = Release|Any CPU
		{40F21864-275E-43C9-92FB-3C44AD09B2DA}.Release|Any CPU.Build.0 = Release|Any CPU
		{7C423042-A2F5-417D-8660-DE27084EB81A}.Debug|Any CPU.ActiveCfg = Debug|Any CPU
		{7C423042-A2F5-417D-8660-DE27084EB81A}.Debug|Any CPU.Build.0 = Debug|Any CPU
		{7C423042-A2F5-417D-8660-DE27084EB81A}.Release|Any CPU.ActiveCfg = Release|Any CPU
		{7C423042-A2F5-417D-8660-DE27084EB81A}.Release|Any CPU.Build.0 = Release|Any CPU
		{12F8AAEE-1E74-49BA-94B0-3C03A3737280}.Debug|Any CPU.ActiveCfg = Debug|Any CPU
		{12F8AAEE-1E74-49BA-94B0-3C03A3737280}.Debug|Any CPU.Build.0 = Debug|Any CPU
		{12F8AAEE-1E74-49BA-94B0-3C03A3737280}.Release|Any CPU.ActiveCfg = Release|Any CPU
		{12F8AAEE-1E74-49BA-94B0-3C03A3737280}.Release|Any CPU.Build.0 = Release|Any CPU
		{03B79A86-FE40-4CC5-83E3-1DA884206558}.Debug|Any CPU.ActiveCfg = Debug|Any CPU
		{03B79A86-FE40-4CC5-83E3-1DA884206558}.Debug|Any CPU.Build.0 = Debug|Any CPU
		{03B79A86-FE40-4CC5-83E3-1DA884206558}.Release|Any CPU.ActiveCfg = Release|Any CPU
		{03B79A86-FE40-4CC5-83E3-1DA884206558}.Release|Any CPU.Build.0 = Release|Any CPU
		{6796CE08-001D-43B1-8E0B-B480D748DE1B}.Debug|Any CPU.ActiveCfg = Debug|Any CPU
		{6796CE08-001D-43B1-8E0B-B480D748DE1B}.Debug|Any CPU.Build.0 = Debug|Any CPU
		{6796CE08-001D-43B1-8E0B-B480D748DE1B}.Release|Any CPU.ActiveCfg = Release|Any CPU
		{6796CE08-001D-43B1-8E0B-B480D748DE1B}.Release|Any CPU.Build.0 = Release|Any CPU
		{C02126FD-534C-44AC-AD2E-387150102A49}.Debug|Any CPU.ActiveCfg = Debug|Any CPU
		{C02126FD-534C-44AC-AD2E-387150102A49}.Debug|Any CPU.Build.0 = Debug|Any CPU
		{C02126FD-534C-44AC-AD2E-387150102A49}.Release|Any CPU.ActiveCfg = Release|Any CPU
		{C02126FD-534C-44AC-AD2E-387150102A49}.Release|Any CPU.Build.0 = Release|Any CPU
		{E2444DC4-0CB8-4AEE-8A72-EE9553938404}.Debug|Any CPU.ActiveCfg = Debug|Any CPU
		{E2444DC4-0CB8-4AEE-8A72-EE9553938404}.Debug|Any CPU.Build.0 = Debug|Any CPU
		{E2444DC4-0CB8-4AEE-8A72-EE9553938404}.Release|Any CPU.ActiveCfg = Release|Any CPU
		{E2444DC4-0CB8-4AEE-8A72-EE9553938404}.Release|Any CPU.Build.0 = Release|Any CPU
		{CEF9DA71-C41A-4B4C-A104-25221155B44E}.Debug|Any CPU.ActiveCfg = Debug|Any CPU
		{CEF9DA71-C41A-4B4C-A104-25221155B44E}.Debug|Any CPU.Build.0 = Debug|Any CPU
		{CEF9DA71-C41A-4B4C-A104-25221155B44E}.Release|Any CPU.ActiveCfg = Release|Any CPU
		{CEF9DA71-C41A-4B4C-A104-25221155B44E}.Release|Any CPU.Build.0 = Release|Any CPU
		{18CC3604-2132-4074-AB99-2DFD56DE3622}.Debug|Any CPU.ActiveCfg = Debug|Any CPU
		{18CC3604-2132-4074-AB99-2DFD56DE3622}.Debug|Any CPU.Build.0 = Debug|Any CPU
		{18CC3604-2132-4074-AB99-2DFD56DE3622}.Release|Any CPU.ActiveCfg = Release|Any CPU
		{18CC3604-2132-4074-AB99-2DFD56DE3622}.Release|Any CPU.Build.0 = Release|Any CPU
		{A3C6908B-4F21-4A16-A400-C123750B2AE3}.Debug|Any CPU.ActiveCfg = Debug|Any CPU
		{A3C6908B-4F21-4A16-A400-C123750B2AE3}.Debug|Any CPU.Build.0 = Debug|Any CPU
		{A3C6908B-4F21-4A16-A400-C123750B2AE3}.Release|Any CPU.ActiveCfg = Release|Any CPU
		{A3C6908B-4F21-4A16-A400-C123750B2AE3}.Release|Any CPU.Build.0 = Release|Any CPU
		{770C7B5D-A75F-425F-8AA2-CBA4ABA4F62D}.Debug|Any CPU.ActiveCfg = Debug|Any CPU
		{770C7B5D-A75F-425F-8AA2-CBA4ABA4F62D}.Debug|Any CPU.Build.0 = Debug|Any CPU
		{770C7B5D-A75F-425F-8AA2-CBA4ABA4F62D}.Release|Any CPU.ActiveCfg = Release|Any CPU
		{770C7B5D-A75F-425F-8AA2-CBA4ABA4F62D}.Release|Any CPU.Build.0 = Release|Any CPU
		{AF134C0D-6C0B-4E0D-B844-10FE0F104A82}.Debug|Any CPU.ActiveCfg = Debug|Any CPU
		{AF134C0D-6C0B-4E0D-B844-10FE0F104A82}.Debug|Any CPU.Build.0 = Debug|Any CPU
		{AF134C0D-6C0B-4E0D-B844-10FE0F104A82}.Release|Any CPU.ActiveCfg = Release|Any CPU
		{AF134C0D-6C0B-4E0D-B844-10FE0F104A82}.Release|Any CPU.Build.0 = Release|Any CPU
		{C4DBC915-073F-4809-8747-D71CF2383AF4}.Debug|Any CPU.ActiveCfg = Debug|Any CPU
		{C4DBC915-073F-4809-8747-D71CF2383AF4}.Debug|Any CPU.Build.0 = Debug|Any CPU
		{C4DBC915-073F-4809-8747-D71CF2383AF4}.Release|Any CPU.ActiveCfg = Release|Any CPU
		{C4DBC915-073F-4809-8747-D71CF2383AF4}.Release|Any CPU.Build.0 = Release|Any CPU
		{E4E33AC3-8464-4916-9727-FBA28A916892}.Debug|Any CPU.ActiveCfg = Debug|Any CPU
		{E4E33AC3-8464-4916-9727-FBA28A916892}.Debug|Any CPU.Build.0 = Debug|Any CPU
		{E4E33AC3-8464-4916-9727-FBA28A916892}.Release|Any CPU.ActiveCfg = Release|Any CPU
		{E4E33AC3-8464-4916-9727-FBA28A916892}.Release|Any CPU.Build.0 = Release|Any CPU
		{4D217A37-33E9-4851-A0DE-B43CF53BB724}.Debug|Any CPU.ActiveCfg = Debug|Any CPU
		{4D217A37-33E9-4851-A0DE-B43CF53BB724}.Debug|Any CPU.Build.0 = Debug|Any CPU
		{4D217A37-33E9-4851-A0DE-B43CF53BB724}.Release|Any CPU.ActiveCfg = Release|Any CPU
		{4D217A37-33E9-4851-A0DE-B43CF53BB724}.Release|Any CPU.Build.0 = Release|Any CPU
		{73431CA1-AA29-4BFE-80B0-A5D0789A2FDD}.Debug|Any CPU.ActiveCfg = Debug|Any CPU
		{73431CA1-AA29-4BFE-80B0-A5D0789A2FDD}.Debug|Any CPU.Build.0 = Debug|Any CPU
		{73431CA1-AA29-4BFE-80B0-A5D0789A2FDD}.Release|Any CPU.ActiveCfg = Release|Any CPU
		{73431CA1-AA29-4BFE-80B0-A5D0789A2FDD}.Release|Any CPU.Build.0 = Release|Any CPU
		{1154F9C8-746B-42A6-BAF4-E154A8D72692}.Debug|Any CPU.ActiveCfg = Debug|Any CPU
		{1154F9C8-746B-42A6-BAF4-E154A8D72692}.Debug|Any CPU.Build.0 = Debug|Any CPU
		{1154F9C8-746B-42A6-BAF4-E154A8D72692}.Release|Any CPU.ActiveCfg = Release|Any CPU
		{1154F9C8-746B-42A6-BAF4-E154A8D72692}.Release|Any CPU.Build.0 = Release|Any CPU
		{6478B8BF-2DA7-4721-9F45-7FB73DA5A617}.Debug|Any CPU.ActiveCfg = Debug|Any CPU
		{6478B8BF-2DA7-4721-9F45-7FB73DA5A617}.Debug|Any CPU.Build.0 = Debug|Any CPU
		{6478B8BF-2DA7-4721-9F45-7FB73DA5A617}.Release|Any CPU.ActiveCfg = Release|Any CPU
		{6478B8BF-2DA7-4721-9F45-7FB73DA5A617}.Release|Any CPU.Build.0 = Release|Any CPU
		{DC5D7032-1815-4174-8799-9F48D16CD5B2}.Debug|Any CPU.ActiveCfg = Debug|Any CPU
		{DC5D7032-1815-4174-8799-9F48D16CD5B2}.Debug|Any CPU.Build.0 = Debug|Any CPU
		{DC5D7032-1815-4174-8799-9F48D16CD5B2}.Release|Any CPU.ActiveCfg = Release|Any CPU
		{DC5D7032-1815-4174-8799-9F48D16CD5B2}.Release|Any CPU.Build.0 = Release|Any CPU
		{5E922AED-7164-4EBB-94CE-5CEF90598E3B}.Debug|Any CPU.ActiveCfg = Debug|Any CPU
		{5E922AED-7164-4EBB-94CE-5CEF90598E3B}.Debug|Any CPU.Build.0 = Debug|Any CPU
		{5E922AED-7164-4EBB-94CE-5CEF90598E3B}.Release|Any CPU.ActiveCfg = Release|Any CPU
		{5E922AED-7164-4EBB-94CE-5CEF90598E3B}.Release|Any CPU.Build.0 = Release|Any CPU
		{0B0094DD-5FCD-4FBA-8AA9-E7D7835CABDE}.Debug|Any CPU.ActiveCfg = Debug|Any CPU
		{0B0094DD-5FCD-4FBA-8AA9-E7D7835CABDE}.Debug|Any CPU.Build.0 = Debug|Any CPU
		{0B0094DD-5FCD-4FBA-8AA9-E7D7835CABDE}.Release|Any CPU.ActiveCfg = Release|Any CPU
		{0B0094DD-5FCD-4FBA-8AA9-E7D7835CABDE}.Release|Any CPU.Build.0 = Release|Any CPU
	EndGlobalSection
	GlobalSection(SolutionProperties) = preSolution
		HideSolutionNode = FALSE
	EndGlobalSection
	GlobalSection(NestedProjects) = preSolution
		{8C6FBED5-DF17-4A1E-A63A-03F968DABEC1} = {81546C6F-F3A0-4292-A57A-65784F632A7B}
		{0F952436-217B-4CDD-A088-B198A932E855} = {1AC21175-4630-4B0A-A816-6F103D399EB7}
		{40F21864-275E-43C9-92FB-3C44AD09B2DA} = {81546C6F-F3A0-4292-A57A-65784F632A7B}
		{7C423042-A2F5-417D-8660-DE27084EB81A} = {81546C6F-F3A0-4292-A57A-65784F632A7B}
		{12F8AAEE-1E74-49BA-94B0-3C03A3737280} = {1531DAA8-23CE-4E51-9FB6-845CB60952CA}
		{03B79A86-FE40-4CC5-83E3-1DA884206558} = {1531DAA8-23CE-4E51-9FB6-845CB60952CA}
		{6796CE08-001D-43B1-8E0B-B480D748DE1B} = {1531DAA8-23CE-4E51-9FB6-845CB60952CA}
		{C02126FD-534C-44AC-AD2E-387150102A49} = {1531DAA8-23CE-4E51-9FB6-845CB60952CA}
		{E2444DC4-0CB8-4AEE-8A72-EE9553938404} = {1531DAA8-23CE-4E51-9FB6-845CB60952CA}
		{CEF9DA71-C41A-4B4C-A104-25221155B44E} = {1531DAA8-23CE-4E51-9FB6-845CB60952CA}
	EndGlobalSection
	GlobalSection(ExtensibilityGlobals) = postSolution
		SolutionGuid = {6223E348-04DD-457C-B2D3-70D008C408F0}
	EndGlobalSection
EndGlobal
