
Microsoft Visual Studio Solution File, Format Version 12.00
# Visual Studio Version 17
VisualStudioVersion = 17.9.34723.18
MinimumVisualStudioVersion = 10.0.40219.1
Project("{2150E333-8FDC-42A3-9474-1A3956D46DE8}") = "HomeWork - 1", "HomeWork - 1", "{1AC21175-4630-4B0A-A816-6F103D399EB7}"
EndProject
Project("{2150E333-8FDC-42A3-9474-1A3956D46DE8}") = "HomeWork - 2", "HomeWork - 2", "{81546C6F-F3A0-4292-A57A-65784F632A7B}"
EndProject
Project("{FAE04EC0-301F-11D3-BF4B-00C04F79EFBC}") = "1.1 MyName", "1.1 MyName\1.1 MyName.csproj", "{B4ECD64B-D96A-458B-B3E0-8212320E99C1}"
EndProject
Project("{2150E333-8FDC-42A3-9474-1A3956D46DE8}") = "Solution Items", "Solution Items", "{3F4DF390-EFCC-4200-9ED8-DAB03A50C00F}"
EndProject
Project("{2150E333-8FDC-42A3-9474-1A3956D46DE8}") = "HomeWork - 3", "HomeWork - 3", "{1531DAA8-23CE-4E51-9FB6-845CB60952CA}"
EndProject
Project("{FAE04EC0-301F-11D3-BF4B-00C04F79EFBC}") = "2.1 Discount Amount", "2.1 Discount Amount\2.1 Discount Amount.csproj", "{CA98B075-B4B8-49C2-8E08-CC978953CDCD}"
EndProject
Global
	GlobalSection(SolutionConfigurationPlatforms) = preSolution
		Debug|Any CPU = Debug|Any CPU
		Release|Any CPU = Release|Any CPU
	EndGlobalSection
	GlobalSection(ProjectConfigurationPlatforms) = postSolution
		{B4ECD64B-D96A-458B-B3E0-8212320E99C1}.Debug|Any CPU.ActiveCfg = Debug|Any CPU
		{B4ECD64B-D96A-458B-B3E0-8212320E99C1}.Debug|Any CPU.Build.0 = Debug|Any CPU
		{B4ECD64B-D96A-458B-B3E0-8212320E99C1}.Release|Any CPU.ActiveCfg = Release|Any CPU
		{B4ECD64B-D96A-458B-B3E0-8212320E99C1}.Release|Any CPU.Build.0 = Release|Any CPU
		{CA98B075-B4B8-49C2-8E08-CC978953CDCD}.Debug|Any CPU.ActiveCfg = Debug|Any CPU
		{CA98B075-B4B8-49C2-8E08-CC978953CDCD}.Debug|Any CPU.Build.0 = Debug|Any CPU
		{CA98B075-B4B8-49C2-8E08-CC978953CDCD}.Release|Any CPU.ActiveCfg = Release|Any CPU
		{CA98B075-B4B8-49C2-8E08-CC978953CDCD}.Release|Any CPU.Build.0 = Release|Any CPU
	EndGlobalSection
	GlobalSection(SolutionProperties) = preSolution
		HideSolutionNode = FALSE
	EndGlobalSection
	GlobalSection(NestedProjects) = preSolution
		{B4ECD64B-D96A-458B-B3E0-8212320E99C1} = {1AC21175-4630-4B0A-A816-6F103D399EB7}
		{CA98B075-B4B8-49C2-8E08-CC978953CDCD} = {81546C6F-F3A0-4292-A57A-65784F632A7B}
	EndGlobalSection
	GlobalSection(ExtensibilityGlobals) = postSolution
		SolutionGuid = {6223E348-04DD-457C-B2D3-70D008C408F0}
	EndGlobalSection
EndGlobal
